
Microsoft Visual Studio Solution File, Format Version 12.00
# Visual Studio Version 16
VisualStudioVersion = 16.0.29519.161
MinimumVisualStudioVersion = 15.0.26124.0
Project("{2150E333-8FDC-42A3-9474-1A3956D46DE8}") = "Domain", "Domain", "{628B98A7-44AC-42B9-A201-14CBC43B9A05}"
EndProject
Project("{2150E333-8FDC-42A3-9474-1A3956D46DE8}") = "Infrastructure", "Infrastructure", "{944722B8-6A17-4F31-B62F-E373FC5645A2}"
EndProject
Project("{2150E333-8FDC-42A3-9474-1A3956D46DE8}") = "Application", "Application", "{A74F262E-BDE7-D5D2-89E9-785413424D0A}"
EndProject
Project("{2150E333-8FDC-42A3-9474-1A3956D46DE8}") = "Tests", "Tests", "{0AB3BF05-4346-4AA6-1389-037BE0695223}"
EndProject
Project("{FAE04EC0-301F-11D3-BF4B-00C04F79EFBC}") = "Domain", "src\Domain\Domain.csproj", "{806A86B3-9374-4BE7-BE14-AED2192C52B9}"
EndProject
Project("{FAE04EC0-301F-11D3-BF4B-00C04F79EFBC}") = "EXCSLA.Shared.Application", "src\Application\EXCSLA.Shared.Application.csproj", "{0C8793B9-A5F6-493D-866D-F4B9C085407F}"
EndProject
Project("{FAE04EC0-301F-11D3-BF4B-00C04F79EFBC}") = "SendGridEmailService", "src\Infrastructure\SendGridEmailService\SendGridEmailService.csproj", "{789F71EC-F582-4201-93B0-FC3F58A55E76}"
EndProject
Project("{FAE04EC0-301F-11D3-BF4B-00C04F79EFBC}") = "EXCSLA.Shared.Application.Tests", "Tests\Application\EXCSLA.Shared.Application.Tests.csproj", "{1A0EDB5C-2CBA-48B9-B5D3-1028AD873090}"
EndProject
Project("{FAE04EC0-301F-11D3-BF4B-00C04F79EFBC}") = "EXCSLA.Shared.Infrastructure.Tests", "Tests\Infrastructure\EXCSLA.Shared.Infrastructure.Tests.csproj", "{E652695F-9180-4A54-A3BA-D7937703F6BA}"
EndProject
Project("{FAE04EC0-301F-11D3-BF4B-00C04F79EFBC}") = "AzureBlobService", "src\Infrastructure\AzureBlobService\AzureBlobService.csproj", "{87F069F1-B729-40E8-B910-DCFC0C692977}"
EndProject
Project("{FAE04EC0-301F-11D3-BF4B-00C04F79EFBC}") = "AzureBlobService.Abstractions", "src\Infrastructure\AzureBlobService.Abstractions\AzureBlobService.Abstractions.csproj", "{9F0BD63C-6485-499C-9477-A9D717711A7C}"
EndProject
Project("{FAE04EC0-301F-11D3-BF4B-00C04F79EFBC}") = "EXCSLA.Shared.Domain.Tests", "Tests\Domain\EXCSLA.Shared.Domain.Tests.csproj", "{C85D097E-43D0-47EC-90A8-53A1F14F64D5}"
EndProject
Global
	GlobalSection(SolutionConfigurationPlatforms) = preSolution
		Debug|Any CPU = Debug|Any CPU
		Debug|x64 = Debug|x64
		Debug|x86 = Debug|x86
		Release|Any CPU = Release|Any CPU
		Release|x64 = Release|x64
		Release|x86 = Release|x86
	EndGlobalSection
	GlobalSection(ProjectConfigurationPlatforms) = postSolution
		{806A86B3-9374-4BE7-BE14-AED2192C52B9}.Debug|Any CPU.ActiveCfg = Debug|Any CPU
		{806A86B3-9374-4BE7-BE14-AED2192C52B9}.Debug|Any CPU.Build.0 = Debug|Any CPU
		{806A86B3-9374-4BE7-BE14-AED2192C52B9}.Debug|x64.ActiveCfg = Debug|Any CPU
		{806A86B3-9374-4BE7-BE14-AED2192C52B9}.Debug|x64.Build.0 = Debug|Any CPU
		{806A86B3-9374-4BE7-BE14-AED2192C52B9}.Debug|x86.ActiveCfg = Debug|Any CPU
		{806A86B3-9374-4BE7-BE14-AED2192C52B9}.Debug|x86.Build.0 = Debug|Any CPU
		{806A86B3-9374-4BE7-BE14-AED2192C52B9}.Release|Any CPU.ActiveCfg = Release|Any CPU
		{806A86B3-9374-4BE7-BE14-AED2192C52B9}.Release|Any CPU.Build.0 = Release|Any CPU
		{806A86B3-9374-4BE7-BE14-AED2192C52B9}.Release|x64.ActiveCfg = Release|Any CPU
		{806A86B3-9374-4BE7-BE14-AED2192C52B9}.Release|x64.Build.0 = Release|Any CPU
		{806A86B3-9374-4BE7-BE14-AED2192C52B9}.Release|x86.ActiveCfg = Release|Any CPU
		{806A86B3-9374-4BE7-BE14-AED2192C52B9}.Release|x86.Build.0 = Release|Any CPU
		{0C8793B9-A5F6-493D-866D-F4B9C085407F}.Debug|Any CPU.ActiveCfg = Debug|Any CPU
		{0C8793B9-A5F6-493D-866D-F4B9C085407F}.Debug|Any CPU.Build.0 = Debug|Any CPU
		{0C8793B9-A5F6-493D-866D-F4B9C085407F}.Debug|x64.ActiveCfg = Debug|Any CPU
		{0C8793B9-A5F6-493D-866D-F4B9C085407F}.Debug|x64.Build.0 = Debug|Any CPU
		{0C8793B9-A5F6-493D-866D-F4B9C085407F}.Debug|x86.ActiveCfg = Debug|Any CPU
		{0C8793B9-A5F6-493D-866D-F4B9C085407F}.Debug|x86.Build.0 = Debug|Any CPU
		{0C8793B9-A5F6-493D-866D-F4B9C085407F}.Release|Any CPU.ActiveCfg = Release|Any CPU
		{0C8793B9-A5F6-493D-866D-F4B9C085407F}.Release|Any CPU.Build.0 = Release|Any CPU
		{0C8793B9-A5F6-493D-866D-F4B9C085407F}.Release|x64.ActiveCfg = Release|Any CPU
		{0C8793B9-A5F6-493D-866D-F4B9C085407F}.Release|x64.Build.0 = Release|Any CPU
		{0C8793B9-A5F6-493D-866D-F4B9C085407F}.Release|x86.ActiveCfg = Release|Any CPU
		{0C8793B9-A5F6-493D-866D-F4B9C085407F}.Release|x86.Build.0 = Release|Any CPU
		{789F71EC-F582-4201-93B0-FC3F58A55E76}.Debug|Any CPU.ActiveCfg = Debug|Any CPU
		{789F71EC-F582-4201-93B0-FC3F58A55E76}.Debug|Any CPU.Build.0 = Debug|Any CPU
		{789F71EC-F582-4201-93B0-FC3F58A55E76}.Debug|x64.ActiveCfg = Debug|Any CPU
		{789F71EC-F582-4201-93B0-FC3F58A55E76}.Debug|x64.Build.0 = Debug|Any CPU
		{789F71EC-F582-4201-93B0-FC3F58A55E76}.Debug|x86.ActiveCfg = Debug|Any CPU
		{789F71EC-F582-4201-93B0-FC3F58A55E76}.Debug|x86.Build.0 = Debug|Any CPU
		{789F71EC-F582-4201-93B0-FC3F58A55E76}.Release|Any CPU.ActiveCfg = Release|Any CPU
		{789F71EC-F582-4201-93B0-FC3F58A55E76}.Release|Any CPU.Build.0 = Release|Any CPU
		{789F71EC-F582-4201-93B0-FC3F58A55E76}.Release|x64.ActiveCfg = Release|Any CPU
		{789F71EC-F582-4201-93B0-FC3F58A55E76}.Release|x64.Build.0 = Release|Any CPU
		{789F71EC-F582-4201-93B0-FC3F58A55E76}.Release|x86.ActiveCfg = Release|Any CPU
		{789F71EC-F582-4201-93B0-FC3F58A55E76}.Release|x86.Build.0 = Release|Any CPU
		{1A0EDB5C-2CBA-48B9-B5D3-1028AD873090}.Debug|Any CPU.ActiveCfg = Debug|Any CPU
		{1A0EDB5C-2CBA-48B9-B5D3-1028AD873090}.Debug|Any CPU.Build.0 = Debug|Any CPU
		{1A0EDB5C-2CBA-48B9-B5D3-1028AD873090}.Debug|x64.ActiveCfg = Debug|Any CPU
		{1A0EDB5C-2CBA-48B9-B5D3-1028AD873090}.Debug|x64.Build.0 = Debug|Any CPU
		{1A0EDB5C-2CBA-48B9-B5D3-1028AD873090}.Debug|x86.ActiveCfg = Debug|Any CPU
		{1A0EDB5C-2CBA-48B9-B5D3-1028AD873090}.Debug|x86.Build.0 = Debug|Any CPU
		{1A0EDB5C-2CBA-48B9-B5D3-1028AD873090}.Release|Any CPU.ActiveCfg = Release|Any CPU
		{1A0EDB5C-2CBA-48B9-B5D3-1028AD873090}.Release|Any CPU.Build.0 = Release|Any CPU
		{1A0EDB5C-2CBA-48B9-B5D3-1028AD873090}.Release|x64.ActiveCfg = Release|Any CPU
		{1A0EDB5C-2CBA-48B9-B5D3-1028AD873090}.Release|x64.Build.0 = Release|Any CPU
		{1A0EDB5C-2CBA-48B9-B5D3-1028AD873090}.Release|x86.ActiveCfg = Release|Any CPU
		{1A0EDB5C-2CBA-48B9-B5D3-1028AD873090}.Release|x86.Build.0 = Release|Any CPU
		{E652695F-9180-4A54-A3BA-D7937703F6BA}.Debug|Any CPU.ActiveCfg = Debug|Any CPU
		{E652695F-9180-4A54-A3BA-D7937703F6BA}.Debug|Any CPU.Build.0 = Debug|Any CPU
		{E652695F-9180-4A54-A3BA-D7937703F6BA}.Debug|x64.ActiveCfg = Debug|Any CPU
		{E652695F-9180-4A54-A3BA-D7937703F6BA}.Debug|x64.Build.0 = Debug|Any CPU
		{E652695F-9180-4A54-A3BA-D7937703F6BA}.Debug|x86.ActiveCfg = Debug|Any CPU
		{E652695F-9180-4A54-A3BA-D7937703F6BA}.Debug|x86.Build.0 = Debug|Any CPU
		{E652695F-9180-4A54-A3BA-D7937703F6BA}.Release|Any CPU.ActiveCfg = Release|Any CPU
		{E652695F-9180-4A54-A3BA-D7937703F6BA}.Release|Any CPU.Build.0 = Release|Any CPU
		{E652695F-9180-4A54-A3BA-D7937703F6BA}.Release|x64.ActiveCfg = Release|Any CPU
		{E652695F-9180-4A54-A3BA-D7937703F6BA}.Release|x64.Build.0 = Release|Any CPU
		{E652695F-9180-4A54-A3BA-D7937703F6BA}.Release|x86.ActiveCfg = Release|Any CPU
		{E652695F-9180-4A54-A3BA-D7937703F6BA}.Release|x86.Build.0 = Release|Any CPU
		{87F069F1-B729-40E8-B910-DCFC0C692977}.Debug|Any CPU.ActiveCfg = Debug|Any CPU
		{87F069F1-B729-40E8-B910-DCFC0C692977}.Debug|Any CPU.Build.0 = Debug|Any CPU
		{87F069F1-B729-40E8-B910-DCFC0C692977}.Debug|x64.ActiveCfg = Debug|Any CPU
		{87F069F1-B729-40E8-B910-DCFC0C692977}.Debug|x64.Build.0 = Debug|Any CPU
		{87F069F1-B729-40E8-B910-DCFC0C692977}.Debug|x86.ActiveCfg = Debug|Any CPU
		{87F069F1-B729-40E8-B910-DCFC0C692977}.Debug|x86.Build.0 = Debug|Any CPU
		{87F069F1-B729-40E8-B910-DCFC0C692977}.Release|Any CPU.ActiveCfg = Release|Any CPU
		{87F069F1-B729-40E8-B910-DCFC0C692977}.Release|Any CPU.Build.0 = Release|Any CPU
		{87F069F1-B729-40E8-B910-DCFC0C692977}.Release|x64.ActiveCfg = Release|Any CPU
		{87F069F1-B729-40E8-B910-DCFC0C692977}.Release|x64.Build.0 = Release|Any CPU
		{87F069F1-B729-40E8-B910-DCFC0C692977}.Release|x86.ActiveCfg = Release|Any CPU
		{87F069F1-B729-40E8-B910-DCFC0C692977}.Release|x86.Build.0 = Release|Any CPU
		{9F0BD63C-6485-499C-9477-A9D717711A7C}.Debug|Any CPU.ActiveCfg = Debug|Any CPU
		{9F0BD63C-6485-499C-9477-A9D717711A7C}.Debug|Any CPU.Build.0 = Debug|Any CPU
		{9F0BD63C-6485-499C-9477-A9D717711A7C}.Debug|x64.ActiveCfg = Debug|Any CPU
		{9F0BD63C-6485-499C-9477-A9D717711A7C}.Debug|x64.Build.0 = Debug|Any CPU
		{9F0BD63C-6485-499C-9477-A9D717711A7C}.Debug|x86.ActiveCfg = Debug|Any CPU
		{9F0BD63C-6485-499C-9477-A9D717711A7C}.Debug|x86.Build.0 = Debug|Any CPU
		{9F0BD63C-6485-499C-9477-A9D717711A7C}.Release|Any CPU.ActiveCfg = Release|Any CPU
		{9F0BD63C-6485-499C-9477-A9D717711A7C}.Release|Any CPU.Build.0 = Release|Any CPU
		{9F0BD63C-6485-499C-9477-A9D717711A7C}.Release|x64.ActiveCfg = Release|Any CPU
		{9F0BD63C-6485-499C-9477-A9D717711A7C}.Release|x64.Build.0 = Release|Any CPU
		{9F0BD63C-6485-499C-9477-A9D717711A7C}.Release|x86.ActiveCfg = Release|Any CPU
		{9F0BD63C-6485-499C-9477-A9D717711A7C}.Release|x86.Build.0 = Release|Any CPU
		{C85D097E-43D0-47EC-90A8-53A1F14F64D5}.Debug|Any CPU.ActiveCfg = Debug|Any CPU
		{C85D097E-43D0-47EC-90A8-53A1F14F64D5}.Debug|Any CPU.Build.0 = Debug|Any CPU
		{C85D097E-43D0-47EC-90A8-53A1F14F64D5}.Debug|x64.ActiveCfg = Debug|Any CPU
		{C85D097E-43D0-47EC-90A8-53A1F14F64D5}.Debug|x64.Build.0 = Debug|Any CPU
		{C85D097E-43D0-47EC-90A8-53A1F14F64D5}.Debug|x86.ActiveCfg = Debug|Any CPU
		{C85D097E-43D0-47EC-90A8-53A1F14F64D5}.Debug|x86.Build.0 = Debug|Any CPU
		{C85D097E-43D0-47EC-90A8-53A1F14F64D5}.Release|Any CPU.ActiveCfg = Release|Any CPU
		{C85D097E-43D0-47EC-90A8-53A1F14F64D5}.Release|Any CPU.Build.0 = Release|Any CPU
		{C85D097E-43D0-47EC-90A8-53A1F14F64D5}.Release|x64.ActiveCfg = Release|Any CPU
		{C85D097E-43D0-47EC-90A8-53A1F14F64D5}.Release|x64.Build.0 = Release|Any CPU
		{C85D097E-43D0-47EC-90A8-53A1F14F64D5}.Release|x86.ActiveCfg = Release|Any CPU
		{C85D097E-43D0-47EC-90A8-53A1F14F64D5}.Release|x86.Build.0 = Release|Any CPU
	EndGlobalSection
	GlobalSection(SolutionProperties) = preSolution
		HideSolutionNode = FALSE
	EndGlobalSection
	GlobalSection(NestedProjects) = preSolution
		{806A86B3-9374-4BE7-BE14-AED2192C52B9} = {628B98A7-44AC-42B9-A201-14CBC43B9A05}
		{0C8793B9-A5F6-493D-866D-F4B9C085407F} = {A74F262E-BDE7-D5D2-89E9-785413424D0A}
		{789F71EC-F582-4201-93B0-FC3F58A55E76} = {944722B8-6A17-4F31-B62F-E373FC5645A2}
		{1A0EDB5C-2CBA-48B9-B5D3-1028AD873090} = {0AB3BF05-4346-4AA6-1389-037BE0695223}
		{E652695F-9180-4A54-A3BA-D7937703F6BA} = {0AB3BF05-4346-4AA6-1389-037BE0695223}
		{87F069F1-B729-40E8-B910-DCFC0C692977} = {944722B8-6A17-4F31-B62F-E373FC5645A2}
		{9F0BD63C-6485-499C-9477-A9D717711A7C} = {944722B8-6A17-4F31-B62F-E373FC5645A2}
		{C85D097E-43D0-47EC-90A8-53A1F14F64D5} = {0AB3BF05-4346-4AA6-1389-037BE0695223}
	EndGlobalSection
EndGlobal
