
Microsoft Visual Studio Solution File, Format Version 12.00
# Visual Studio Version 16
VisualStudioVersion = 16.0.28922.388
MinimumVisualStudioVersion = 15.0.26124.0
Project("{2150E333-8FDC-42A3-9474-1A3956D46DE8}") = "src", "src", "{0ED1B4E3-541A-4DF5-A6E1-22D0788895B4}"
EndProject
Project("{9A19103F-16F7-4668-BE54-9A1E7A4F7556}") = "DomainModels", "src\Core\DomainModels.csproj", "{F6D77DAA-8D81-4537-8D43-E96F2CB50A7B}"
EndProject
Project("{2150E333-8FDC-42A3-9474-1A3956D46DE8}") = "tests", "tests", "{211C94B0-FF0B-4305-B568-72B3F9CEFED8}"
EndProject
Project("{9A19103F-16F7-4668-BE54-9A1E7A4F7556}") = "EXCSLA.Shared.Core.Tests", "tests\core\EXCSLA.Shared.Core.Tests.csproj", "{4369E221-846E-4307-B387-FEFAFBCC59B3}"
EndProject
Project("{9A19103F-16F7-4668-BE54-9A1E7A4F7556}") = "ValueObjects.Common", "src\valueobjects.common\ValueObjects.Common.csproj", "{566C4437-3BFC-45C7-8A38-E1A3FE755E41}"
EndProject
Project("{9A19103F-16F7-4668-BE54-9A1E7A4F7556}") = "EXCSLA.Shared.Core.ValueObjects.Common.Tests", "tests\EXCSLA.Shared.Core.ValueObjects.Common.Tests\EXCSLA.Shared.Core.ValueObjects.Common.Tests.csproj", "{539C2F7D-5BEC-4D3B-B4A7-D3A62F56E600}"
EndProject
Project("{9A19103F-16F7-4668-BE54-9A1E7A4F7556}") = "EXCSLA.Shared.Infrastructure.Data", "src\EXCSLA.Shared.Infrastructure.Data\EXCSLA.Shared.Infrastructure.Data.csproj", "{A33CCD6D-85FC-4FBF-9018-AE05CAC6E76E}"
EndProject
Project("{9A19103F-16F7-4668-BE54-9A1E7A4F7556}") = "Specifications", "src\EXCSLA.Shared.Core.Specifications\Specifications.csproj", "{7FD0E615-B4AA-4FF8-A62A-519187077EDD}"
EndProject
Project("{2150E333-8FDC-42A3-9474-1A3956D46DE8}") = "Core", "Core", "{E2FAAA86-2D46-49DA-B5EB-BEF39D3C514E}"
	ProjectSection(SolutionItems) = preProject
		LICENSE = LICENSE
	EndProjectSection
EndProject
Project("{2150E333-8FDC-42A3-9474-1A3956D46DE8}") = "Infrastructure", "Infrastructure", "{58EBE3EB-EF29-4510-82C9-009412A88A32}"
EndProject
Project("{FAE04EC0-301F-11D3-BF4B-00C04F79EFBC}") = "Abstractions", "Abstractions\Abstractions.csproj", "{18F74641-732C-4E52-9676-7C0AD5AF2B26}"
EndProject
Global
	GlobalSection(SolutionConfigurationPlatforms) = preSolution
		Debug|Any CPU = Debug|Any CPU
		Debug|x64 = Debug|x64
		Debug|x86 = Debug|x86
		Release|Any CPU = Release|Any CPU
		Release|x64 = Release|x64
		Release|x86 = Release|x86
	EndGlobalSection
	GlobalSection(ProjectConfigurationPlatforms) = postSolution
		{F6D77DAA-8D81-4537-8D43-E96F2CB50A7B}.Debug|Any CPU.ActiveCfg = Debug|Any CPU
		{F6D77DAA-8D81-4537-8D43-E96F2CB50A7B}.Debug|Any CPU.Build.0 = Debug|Any CPU
		{F6D77DAA-8D81-4537-8D43-E96F2CB50A7B}.Debug|x64.ActiveCfg = Debug|Any CPU
		{F6D77DAA-8D81-4537-8D43-E96F2CB50A7B}.Debug|x64.Build.0 = Debug|Any CPU
		{F6D77DAA-8D81-4537-8D43-E96F2CB50A7B}.Debug|x86.ActiveCfg = Debug|Any CPU
		{F6D77DAA-8D81-4537-8D43-E96F2CB50A7B}.Debug|x86.Build.0 = Debug|Any CPU
		{F6D77DAA-8D81-4537-8D43-E96F2CB50A7B}.Release|Any CPU.ActiveCfg = Release|Any CPU
		{F6D77DAA-8D81-4537-8D43-E96F2CB50A7B}.Release|Any CPU.Build.0 = Release|Any CPU
		{F6D77DAA-8D81-4537-8D43-E96F2CB50A7B}.Release|x64.ActiveCfg = Release|Any CPU
		{F6D77DAA-8D81-4537-8D43-E96F2CB50A7B}.Release|x64.Build.0 = Release|Any CPU
		{F6D77DAA-8D81-4537-8D43-E96F2CB50A7B}.Release|x86.ActiveCfg = Release|Any CPU
		{F6D77DAA-8D81-4537-8D43-E96F2CB50A7B}.Release|x86.Build.0 = Release|Any CPU
		{4369E221-846E-4307-B387-FEFAFBCC59B3}.Debug|Any CPU.ActiveCfg = Debug|Any CPU
		{4369E221-846E-4307-B387-FEFAFBCC59B3}.Debug|Any CPU.Build.0 = Debug|Any CPU
		{4369E221-846E-4307-B387-FEFAFBCC59B3}.Debug|x64.ActiveCfg = Debug|Any CPU
		{4369E221-846E-4307-B387-FEFAFBCC59B3}.Debug|x64.Build.0 = Debug|Any CPU
		{4369E221-846E-4307-B387-FEFAFBCC59B3}.Debug|x86.ActiveCfg = Debug|Any CPU
		{4369E221-846E-4307-B387-FEFAFBCC59B3}.Debug|x86.Build.0 = Debug|Any CPU
		{4369E221-846E-4307-B387-FEFAFBCC59B3}.Release|Any CPU.ActiveCfg = Release|Any CPU
		{4369E221-846E-4307-B387-FEFAFBCC59B3}.Release|Any CPU.Build.0 = Release|Any CPU
		{4369E221-846E-4307-B387-FEFAFBCC59B3}.Release|x64.ActiveCfg = Release|Any CPU
		{4369E221-846E-4307-B387-FEFAFBCC59B3}.Release|x64.Build.0 = Release|Any CPU
		{4369E221-846E-4307-B387-FEFAFBCC59B3}.Release|x86.ActiveCfg = Release|Any CPU
		{4369E221-846E-4307-B387-FEFAFBCC59B3}.Release|x86.Build.0 = Release|Any CPU
		{566C4437-3BFC-45C7-8A38-E1A3FE755E41}.Debug|Any CPU.ActiveCfg = Debug|Any CPU
		{566C4437-3BFC-45C7-8A38-E1A3FE755E41}.Debug|Any CPU.Build.0 = Debug|Any CPU
		{566C4437-3BFC-45C7-8A38-E1A3FE755E41}.Debug|x64.ActiveCfg = Debug|Any CPU
		{566C4437-3BFC-45C7-8A38-E1A3FE755E41}.Debug|x64.Build.0 = Debug|Any CPU
		{566C4437-3BFC-45C7-8A38-E1A3FE755E41}.Debug|x86.ActiveCfg = Debug|Any CPU
		{566C4437-3BFC-45C7-8A38-E1A3FE755E41}.Debug|x86.Build.0 = Debug|Any CPU
		{566C4437-3BFC-45C7-8A38-E1A3FE755E41}.Release|Any CPU.ActiveCfg = Release|Any CPU
		{566C4437-3BFC-45C7-8A38-E1A3FE755E41}.Release|Any CPU.Build.0 = Release|Any CPU
		{566C4437-3BFC-45C7-8A38-E1A3FE755E41}.Release|x64.ActiveCfg = Release|Any CPU
		{566C4437-3BFC-45C7-8A38-E1A3FE755E41}.Release|x64.Build.0 = Release|Any CPU
		{566C4437-3BFC-45C7-8A38-E1A3FE755E41}.Release|x86.ActiveCfg = Release|Any CPU
		{566C4437-3BFC-45C7-8A38-E1A3FE755E41}.Release|x86.Build.0 = Release|Any CPU
		{539C2F7D-5BEC-4D3B-B4A7-D3A62F56E600}.Debug|Any CPU.ActiveCfg = Debug|Any CPU
		{539C2F7D-5BEC-4D3B-B4A7-D3A62F56E600}.Debug|Any CPU.Build.0 = Debug|Any CPU
		{539C2F7D-5BEC-4D3B-B4A7-D3A62F56E600}.Debug|x64.ActiveCfg = Debug|Any CPU
		{539C2F7D-5BEC-4D3B-B4A7-D3A62F56E600}.Debug|x64.Build.0 = Debug|Any CPU
		{539C2F7D-5BEC-4D3B-B4A7-D3A62F56E600}.Debug|x86.ActiveCfg = Debug|Any CPU
		{539C2F7D-5BEC-4D3B-B4A7-D3A62F56E600}.Debug|x86.Build.0 = Debug|Any CPU
		{539C2F7D-5BEC-4D3B-B4A7-D3A62F56E600}.Release|Any CPU.ActiveCfg = Release|Any CPU
		{539C2F7D-5BEC-4D3B-B4A7-D3A62F56E600}.Release|Any CPU.Build.0 = Release|Any CPU
		{539C2F7D-5BEC-4D3B-B4A7-D3A62F56E600}.Release|x64.ActiveCfg = Release|Any CPU
		{539C2F7D-5BEC-4D3B-B4A7-D3A62F56E600}.Release|x64.Build.0 = Release|Any CPU
		{539C2F7D-5BEC-4D3B-B4A7-D3A62F56E600}.Release|x86.ActiveCfg = Release|Any CPU
		{539C2F7D-5BEC-4D3B-B4A7-D3A62F56E600}.Release|x86.Build.0 = Release|Any CPU
		{A33CCD6D-85FC-4FBF-9018-AE05CAC6E76E}.Debug|Any CPU.ActiveCfg = Debug|Any CPU
		{A33CCD6D-85FC-4FBF-9018-AE05CAC6E76E}.Debug|Any CPU.Build.0 = Debug|Any CPU
		{A33CCD6D-85FC-4FBF-9018-AE05CAC6E76E}.Debug|x64.ActiveCfg = Debug|Any CPU
		{A33CCD6D-85FC-4FBF-9018-AE05CAC6E76E}.Debug|x64.Build.0 = Debug|Any CPU
		{A33CCD6D-85FC-4FBF-9018-AE05CAC6E76E}.Debug|x86.ActiveCfg = Debug|Any CPU
		{A33CCD6D-85FC-4FBF-9018-AE05CAC6E76E}.Debug|x86.Build.0 = Debug|Any CPU
		{A33CCD6D-85FC-4FBF-9018-AE05CAC6E76E}.Release|Any CPU.ActiveCfg = Release|Any CPU
		{A33CCD6D-85FC-4FBF-9018-AE05CAC6E76E}.Release|Any CPU.Build.0 = Release|Any CPU
		{A33CCD6D-85FC-4FBF-9018-AE05CAC6E76E}.Release|x64.ActiveCfg = Release|Any CPU
		{A33CCD6D-85FC-4FBF-9018-AE05CAC6E76E}.Release|x64.Build.0 = Release|Any CPU
		{A33CCD6D-85FC-4FBF-9018-AE05CAC6E76E}.Release|x86.ActiveCfg = Release|Any CPU
		{A33CCD6D-85FC-4FBF-9018-AE05CAC6E76E}.Release|x86.Build.0 = Release|Any CPU
		{7FD0E615-B4AA-4FF8-A62A-519187077EDD}.Debug|Any CPU.ActiveCfg = Debug|Any CPU
		{7FD0E615-B4AA-4FF8-A62A-519187077EDD}.Debug|Any CPU.Build.0 = Debug|Any CPU
		{7FD0E615-B4AA-4FF8-A62A-519187077EDD}.Debug|x64.ActiveCfg = Debug|Any CPU
		{7FD0E615-B4AA-4FF8-A62A-519187077EDD}.Debug|x64.Build.0 = Debug|Any CPU
		{7FD0E615-B4AA-4FF8-A62A-519187077EDD}.Debug|x86.ActiveCfg = Debug|Any CPU
		{7FD0E615-B4AA-4FF8-A62A-519187077EDD}.Debug|x86.Build.0 = Debug|Any CPU
		{7FD0E615-B4AA-4FF8-A62A-519187077EDD}.Release|Any CPU.ActiveCfg = Release|Any CPU
		{7FD0E615-B4AA-4FF8-A62A-519187077EDD}.Release|Any CPU.Build.0 = Release|Any CPU
		{7FD0E615-B4AA-4FF8-A62A-519187077EDD}.Release|x64.ActiveCfg = Release|Any CPU
		{7FD0E615-B4AA-4FF8-A62A-519187077EDD}.Release|x64.Build.0 = Release|Any CPU
		{7FD0E615-B4AA-4FF8-A62A-519187077EDD}.Release|x86.ActiveCfg = Release|Any CPU
		{7FD0E615-B4AA-4FF8-A62A-519187077EDD}.Release|x86.Build.0 = Release|Any CPU
		{18F74641-732C-4E52-9676-7C0AD5AF2B26}.Debug|Any CPU.ActiveCfg = Debug|Any CPU
		{18F74641-732C-4E52-9676-7C0AD5AF2B26}.Debug|Any CPU.Build.0 = Debug|Any CPU
		{18F74641-732C-4E52-9676-7C0AD5AF2B26}.Debug|x64.ActiveCfg = Debug|Any CPU
		{18F74641-732C-4E52-9676-7C0AD5AF2B26}.Debug|x64.Build.0 = Debug|Any CPU
		{18F74641-732C-4E52-9676-7C0AD5AF2B26}.Debug|x86.ActiveCfg = Debug|Any CPU
		{18F74641-732C-4E52-9676-7C0AD5AF2B26}.Debug|x86.Build.0 = Debug|Any CPU
		{18F74641-732C-4E52-9676-7C0AD5AF2B26}.Release|Any CPU.ActiveCfg = Release|Any CPU
		{18F74641-732C-4E52-9676-7C0AD5AF2B26}.Release|Any CPU.Build.0 = Release|Any CPU
		{18F74641-732C-4E52-9676-7C0AD5AF2B26}.Release|x64.ActiveCfg = Release|Any CPU
		{18F74641-732C-4E52-9676-7C0AD5AF2B26}.Release|x64.Build.0 = Release|Any CPU
		{18F74641-732C-4E52-9676-7C0AD5AF2B26}.Release|x86.ActiveCfg = Release|Any CPU
		{18F74641-732C-4E52-9676-7C0AD5AF2B26}.Release|x86.Build.0 = Release|Any CPU
	EndGlobalSection
	GlobalSection(SolutionProperties) = preSolution
		HideSolutionNode = FALSE
	EndGlobalSection
	GlobalSection(NestedProjects) = preSolution
		{F6D77DAA-8D81-4537-8D43-E96F2CB50A7B} = {E2FAAA86-2D46-49DA-B5EB-BEF39D3C514E}
		{4369E221-846E-4307-B387-FEFAFBCC59B3} = {211C94B0-FF0B-4305-B568-72B3F9CEFED8}
		{566C4437-3BFC-45C7-8A38-E1A3FE755E41} = {E2FAAA86-2D46-49DA-B5EB-BEF39D3C514E}
		{539C2F7D-5BEC-4D3B-B4A7-D3A62F56E600} = {211C94B0-FF0B-4305-B568-72B3F9CEFED8}
		{A33CCD6D-85FC-4FBF-9018-AE05CAC6E76E} = {58EBE3EB-EF29-4510-82C9-009412A88A32}
		{7FD0E615-B4AA-4FF8-A62A-519187077EDD} = {E2FAAA86-2D46-49DA-B5EB-BEF39D3C514E}
		{E2FAAA86-2D46-49DA-B5EB-BEF39D3C514E} = {0ED1B4E3-541A-4DF5-A6E1-22D0788895B4}
		{58EBE3EB-EF29-4510-82C9-009412A88A32} = {0ED1B4E3-541A-4DF5-A6E1-22D0788895B4}
		{18F74641-732C-4E52-9676-7C0AD5AF2B26} = {E2FAAA86-2D46-49DA-B5EB-BEF39D3C514E}
	EndGlobalSection
	GlobalSection(ExtensibilityGlobals) = postSolution
		SolutionGuid = {2E2379EC-1A72-40EE-925B-DE242D792602}
	EndGlobalSection
EndGlobal
